
Microsoft Visual Studio Solution File, Format Version 12.00
# Visual Studio Version 17
VisualStudioVersion = 17.5.002.0
MinimumVisualStudioVersion = 10.0.40219.1
Project("{9A19103F-16F7-4668-BE54-9A1E7A4F7556}") = "mis-221-pa6-hrwalls-crimson", "mis-221-pa6-hrwalls-crimson.csproj", "{236C01F2-82F4-4107-A27D-79489B859D91}"
EndProject
Global
	GlobalSection(SolutionConfigurationPlatforms) = preSolution
		Debug|Any CPU = Debug|Any CPU
		Release|Any CPU = Release|Any CPU
	EndGlobalSection
	GlobalSection(ProjectConfigurationPlatforms) = postSolution
		{236C01F2-82F4-4107-A27D-79489B859D91}.Debug|Any CPU.ActiveCfg = Debug|Any CPU
		{236C01F2-82F4-4107-A27D-79489B859D91}.Debug|Any CPU.Build.0 = Debug|Any CPU
		{236C01F2-82F4-4107-A27D-79489B859D91}.Release|Any CPU.ActiveCfg = Release|Any CPU
		{236C01F2-82F4-4107-A27D-79489B859D91}.Release|Any CPU.Build.0 = Release|Any CPU
	EndGlobalSection
	GlobalSection(SolutionProperties) = preSolution
		HideSolutionNode = FALSE
	EndGlobalSection
	GlobalSection(ExtensibilityGlobals) = postSolution
		SolutionGuid = {A581AC01-4F6A-48E4-B45D-E9E8007985C9}
	EndGlobalSection
EndGlobal
